
Microsoft Visual Studio Solution File, Format Version 12.00
# Visual Studio Version 17
VisualStudioVersion = 17.0.32014.148
MinimumVisualStudioVersion = 10.0.40219.1
Project("{9A19103F-16F7-4668-BE54-9A1E7A4F7556}") = "Server", "Server\Server.csproj", "{B0FA1423-DF0D-4583-994E-B77D4AC27757}"
EndProject
Project("{9A19103F-16F7-4668-BE54-9A1E7A4F7556}") = "Client", "Client\Client.csproj", "{0F274967-475D-4DC7-BB8D-2A3EDCE9D11E}"
EndProject
Project("{9A19103F-16F7-4668-BE54-9A1E7A4F7556}") = "Shared", "Shared\Shared.csproj", "{7C4B49DD-BB45-4605-8DF7-FA8E993A822D}"
EndProject
Project("{2150E333-8FDC-42A3-9474-1A3956D46DE8}") = "Solution Items", "Solution Items", "{F454E691-CF59-4948-9018-0426D861F8B4}"
	ProjectSection(SolutionItems) = preProject
		.editorconfig = .editorconfig
	EndProjectSection
EndProject
Global
	GlobalSection(SolutionConfigurationPlatforms) = preSolution
		Debug|Any CPU = Debug|Any CPU
		Release|Any CPU = Release|Any CPU
	EndGlobalSection
	GlobalSection(ProjectConfigurationPlatforms) = postSolution
		{B0FA1423-DF0D-4583-994E-B77D4AC27757}.Debug|Any CPU.ActiveCfg = Debug|Any CPU
		{B0FA1423-DF0D-4583-994E-B77D4AC27757}.Debug|Any CPU.Build.0 = Debug|Any CPU
		{B0FA1423-DF0D-4583-994E-B77D4AC27757}.Release|Any CPU.ActiveCfg = Release|Any CPU
		{B0FA1423-DF0D-4583-994E-B77D4AC27757}.Release|Any CPU.Build.0 = Release|Any CPU
		{0F274967-475D-4DC7-BB8D-2A3EDCE9D11E}.Debug|Any CPU.ActiveCfg = Debug|Any CPU
		{0F274967-475D-4DC7-BB8D-2A3EDCE9D11E}.Debug|Any CPU.Build.0 = Debug|Any CPU
		{0F274967-475D-4DC7-BB8D-2A3EDCE9D11E}.Release|Any CPU.ActiveCfg = Release|Any CPU
		{0F274967-475D-4DC7-BB8D-2A3EDCE9D11E}.Release|Any CPU.Build.0 = Release|Any CPU
		{7C4B49DD-BB45-4605-8DF7-FA8E993A822D}.Debug|Any CPU.ActiveCfg = Debug|Any CPU
		{7C4B49DD-BB45-4605-8DF7-FA8E993A822D}.Debug|Any CPU.Build.0 = Debug|Any CPU
		{7C4B49DD-BB45-4605-8DF7-FA8E993A822D}.Release|Any CPU.ActiveCfg = Release|Any CPU
		{7C4B49DD-BB45-4605-8DF7-FA8E993A822D}.Release|Any CPU.Build.0 = Release|Any CPU
	EndGlobalSection
	GlobalSection(SolutionProperties) = preSolution
		HideSolutionNode = FALSE
	EndGlobalSection
	GlobalSection(ExtensibilityGlobals) = postSolution
		SolutionGuid = {BC864E6A-64FA-43B6-AEC3-31F27CA4BDF2}
	EndGlobalSection
EndGlobal
