
Microsoft Visual Studio Solution File, Format Version 12.00
# Visual Studio Version 17
VisualStudioVersion = 17.0.32014.148
MinimumVisualStudioVersion = 10.0.40219.1
Project("{FAE04EC0-301F-11D3-BF4B-00C04F79EFBC}") = "Server", "Server\Server.csproj", "{B0FA1423-DF0D-4583-994E-B77D4AC27757}"
EndProject
Project("{FAE04EC0-301F-11D3-BF4B-00C04F79EFBC}") = "Client", "Client\Client.csproj", "{0F274967-475D-4DC7-BB8D-2A3EDCE9D11E}"
EndProject
Project("{FAE04EC0-301F-11D3-BF4B-00C04F79EFBC}") = "Shared", "Shared\Shared.csproj", "{7C4B49DD-BB45-4605-8DF7-FA8E993A822D}"
EndProject
Global
	GlobalSection(SolutionConfigurationPlatforms) = preSolution
		Debug|Any CPU = Debug|Any CPU
		Release|Any CPU = Release|Any CPU
	EndGlobalSection
	GlobalSection(ProjectConfigurationPlatforms) = postSolution
		{B0FA1423-DF0D-4583-994E-B77D4AC27757}.Debug|Any CPU.ActiveCfg = Debug|Any CPU
		{B0FA1423-DF0D-4583-994E-B77D4AC27757}.Debug|Any CPU.Build.0 = Debug|Any CPU
		{B0FA1423-DF0D-4583-994E-B77D4AC27757}.Release|Any CPU.ActiveCfg = Release|Any CPU
		{B0FA1423-DF0D-4583-994E-B77D4AC27757}.Release|Any CPU.Build.0 = Release|Any CPU
		{0F274967-475D-4DC7-BB8D-2A3EDCE9D11E}.Debug|Any CPU.ActiveCfg = Debug|Any CPU
		{0F274967-475D-4DC7-BB8D-2A3EDCE9D11E}.Debug|Any CPU.Build.0 = Debug|Any CPU
		{0F274967-475D-4DC7-BB8D-2A3EDCE9D11E}.Release|Any CPU.ActiveCfg = Release|Any CPU
		{0F274967-475D-4DC7-BB8D-2A3EDCE9D11E}.Release|Any CPU.Build.0 = Release|Any CPU
		{7C4B49DD-BB45-4605-8DF7-FA8E993A822D}.Debug|Any CPU.ActiveCfg = Debug|Any CPU
		{7C4B49DD-BB45-4605-8DF7-FA8E993A822D}.Debug|Any CPU.Build.0 = Debug|Any CPU
		{7C4B49DD-BB45-4605-8DF7-FA8E993A822D}.Release|Any CPU.ActiveCfg = Release|Any CPU
		{7C4B49DD-BB45-4605-8DF7-FA8E993A822D}.Release|Any CPU.Build.0 = Release|Any CPU
	EndGlobalSection
	GlobalSection(SolutionProperties) = preSolution
		HideSolutionNode = FALSE
	EndGlobalSection
	GlobalSection(ExtensibilityGlobals) = postSolution
		SolutionGuid = {BC864E6A-64FA-43B6-AEC3-31F27CA4BDF2}
	EndGlobalSection
EndGlobal
